
Microsoft Visual Studio Solution File, Format Version 12.00
# Visual Studio Version 17
VisualStudioVersion = 17.2.32602.215
MinimumVisualStudioVersion = 10.0.40219.1
Project("{9A19103F-16F7-4668-BE54-9A1E7A4F7556}") = "InfluxDBShim.lib", "InfluxDB.lib\InfluxDBShim.lib.csproj", "{9BE87BD7-71E6-432E-B867-369C8BAE74D4}"
EndProject
Project("{9A19103F-16F7-4668-BE54-9A1E7A4F7556}") = "InfluxDB.Sample", "InfluxDB.Sample\InfluxDB.Sample.csproj", "{9AD3041E-B2E0-4AD5-A3F6-3655A65B59A1}"
EndProject
Project("{FAE04EC0-301F-11D3-BF4B-00C04F79EFBC}") = "InfluxDB.REST", "InfluxDB.REST\InfluxDB.REST.csproj", "{ABA6DC6C-BD27-4868-8F79-824948423DF9}"
EndProject
Global
	GlobalSection(SolutionConfigurationPlatforms) = preSolution
		Debug|Any CPU = Debug|Any CPU
		Release|Any CPU = Release|Any CPU
	EndGlobalSection
	GlobalSection(ProjectConfigurationPlatforms) = postSolution
		{9BE87BD7-71E6-432E-B867-369C8BAE74D4}.Debug|Any CPU.ActiveCfg = Debug|Any CPU
		{9BE87BD7-71E6-432E-B867-369C8BAE74D4}.Debug|Any CPU.Build.0 = Debug|Any CPU
		{9BE87BD7-71E6-432E-B867-369C8BAE74D4}.Release|Any CPU.ActiveCfg = Release|Any CPU
		{9BE87BD7-71E6-432E-B867-369C8BAE74D4}.Release|Any CPU.Build.0 = Release|Any CPU
		{9AD3041E-B2E0-4AD5-A3F6-3655A65B59A1}.Debug|Any CPU.ActiveCfg = Debug|Any CPU
		{9AD3041E-B2E0-4AD5-A3F6-3655A65B59A1}.Debug|Any CPU.Build.0 = Debug|Any CPU
		{9AD3041E-B2E0-4AD5-A3F6-3655A65B59A1}.Release|Any CPU.ActiveCfg = Release|Any CPU
		{9AD3041E-B2E0-4AD5-A3F6-3655A65B59A1}.Release|Any CPU.Build.0 = Release|Any CPU
		{ABA6DC6C-BD27-4868-8F79-824948423DF9}.Debug|Any CPU.ActiveCfg = Debug|Any CPU
		{ABA6DC6C-BD27-4868-8F79-824948423DF9}.Debug|Any CPU.Build.0 = Debug|Any CPU
		{ABA6DC6C-BD27-4868-8F79-824948423DF9}.Release|Any CPU.ActiveCfg = Release|Any CPU
		{ABA6DC6C-BD27-4868-8F79-824948423DF9}.Release|Any CPU.Build.0 = Release|Any CPU
	EndGlobalSection
	GlobalSection(SolutionProperties) = preSolution
		HideSolutionNode = FALSE
	EndGlobalSection
	GlobalSection(ExtensibilityGlobals) = postSolution
		SolutionGuid = {7646A38A-1209-4C2D-9C03-F4E72C3E1773}
	EndGlobalSection
EndGlobal
